
Microsoft Visual Studio Solution File, Format Version 12.00
# Visual Studio Version 17
VisualStudioVersion = 17.6.33829.357
MinimumVisualStudioVersion = 10.0.40219.1
Project("{FAE04EC0-301F-11D3-BF4B-00C04F79EFBC}") = "ArcadeGames", "ArcadeGames\ArcadeGames.csproj", "{19CC989B-8998-4742-916A-99A85E6D7D4D}"
EndProject
Project("{FAE04EC0-301F-11D3-BF4B-00C04F79EFBC}") = "LIB_Library", "LIB_Library\LIB_Library.csproj", "{801B867B-AD2D-48F0-AB09-F292567878B4}"
EndProject
Project("{FAE04EC0-301F-11D3-BF4B-00C04F79EFBC}") = "Tris", "Tris\Tris.csproj", "{0130FBF5-B46A-4D22-982F-A5EB63F4E9FD}"
EndProject
Project("{FAE04EC0-301F-11D3-BF4B-00C04F79EFBC}") = "Core", "Core\Core.csproj", "{375E336E-3EFC-40FE-88DD-6FE78A662ADA}"
EndProject
Project("{FAE04EC0-301F-11D3-BF4B-00C04F79EFBC}") = "UserManager", "UserManager\UserManager.csproj", "{1A64B6B0-C698-48B1-8A94-F1ECD297AD0D}"
EndProject
Global
	GlobalSection(SolutionConfigurationPlatforms) = preSolution
		Debug|Any CPU = Debug|Any CPU
		Release|Any CPU = Release|Any CPU
	EndGlobalSection
	GlobalSection(ProjectConfigurationPlatforms) = postSolution
		{19CC989B-8998-4742-916A-99A85E6D7D4D}.Debug|Any CPU.ActiveCfg = Debug|Any CPU
		{19CC989B-8998-4742-916A-99A85E6D7D4D}.Debug|Any CPU.Build.0 = Debug|Any CPU
		{19CC989B-8998-4742-916A-99A85E6D7D4D}.Release|Any CPU.ActiveCfg = Release|Any CPU
		{19CC989B-8998-4742-916A-99A85E6D7D4D}.Release|Any CPU.Build.0 = Release|Any CPU
		{801B867B-AD2D-48F0-AB09-F292567878B4}.Debug|Any CPU.ActiveCfg = Debug|Any CPU
		{801B867B-AD2D-48F0-AB09-F292567878B4}.Debug|Any CPU.Build.0 = Debug|Any CPU
		{801B867B-AD2D-48F0-AB09-F292567878B4}.Release|Any CPU.ActiveCfg = Release|Any CPU
		{801B867B-AD2D-48F0-AB09-F292567878B4}.Release|Any CPU.Build.0 = Release|Any CPU
		{0130FBF5-B46A-4D22-982F-A5EB63F4E9FD}.Debug|Any CPU.ActiveCfg = Debug|Any CPU
		{0130FBF5-B46A-4D22-982F-A5EB63F4E9FD}.Debug|Any CPU.Build.0 = Debug|Any CPU
		{0130FBF5-B46A-4D22-982F-A5EB63F4E9FD}.Release|Any CPU.ActiveCfg = Release|Any CPU
		{0130FBF5-B46A-4D22-982F-A5EB63F4E9FD}.Release|Any CPU.Build.0 = Release|Any CPU
		{375E336E-3EFC-40FE-88DD-6FE78A662ADA}.Debug|Any CPU.ActiveCfg = Debug|Any CPU
		{375E336E-3EFC-40FE-88DD-6FE78A662ADA}.Debug|Any CPU.Build.0 = Debug|Any CPU
		{375E336E-3EFC-40FE-88DD-6FE78A662ADA}.Release|Any CPU.ActiveCfg = Release|Any CPU
		{375E336E-3EFC-40FE-88DD-6FE78A662ADA}.Release|Any CPU.Build.0 = Release|Any CPU
		{1A64B6B0-C698-48B1-8A94-F1ECD297AD0D}.Debug|Any CPU.ActiveCfg = Debug|Any CPU
		{1A64B6B0-C698-48B1-8A94-F1ECD297AD0D}.Debug|Any CPU.Build.0 = Debug|Any CPU
		{1A64B6B0-C698-48B1-8A94-F1ECD297AD0D}.Release|Any CPU.ActiveCfg = Release|Any CPU
		{1A64B6B0-C698-48B1-8A94-F1ECD297AD0D}.Release|Any CPU.Build.0 = Release|Any CPU
	EndGlobalSection
	GlobalSection(SolutionProperties) = preSolution
		HideSolutionNode = FALSE
	EndGlobalSection
	GlobalSection(ExtensibilityGlobals) = postSolution
		SolutionGuid = {3EFA3C1E-F154-43BD-B859-AD4ECD75923F}
	EndGlobalSection
EndGlobal
